
Microsoft Visual Studio Solution File, Format Version 12.00
Project("{FAE04EC0-301F-11D3-BF4B-00C04F79EFBC}") = "MusicCollection.Api", "MusicCollection.Api\MusicCollection.Api.csproj", "{F4E72C46-1201-4CF6-B05B-DF1C9F94F841}"
EndProject
Project("{FAE04EC0-301F-11D3-BF4B-00C04F79EFBC}") = "MusicCollection.Api.Dto", "MusicCollection.Api.Dto\MusicCollection.Api.Dto.csproj", "{2FC4E49C-9D10-4EE8-A08D-E5986B5FDE99}"
EndProject
Project("{FAE04EC0-301F-11D3-BF4B-00C04F79EFBC}") = "MusicCollection.BusinessLogic", "MusicCollection.BusinessLogic\MusicCollection.BusinessLogic.csproj", "{BF115754-F2AA-4F24-A8E8-CA9C601C5B9B}"
EndProject
Project("{2150E333-8FDC-42A3-9474-1A3956D46DE8}") = "Api", "Api", "{B4A5FE9B-474C-4D08-B395-BD1E966831C7}"
EndProject
Project("{2150E333-8FDC-42A3-9474-1A3956D46DE8}") = "Common", "Common", "{6C2DCC8E-1880-46DC-BD27-CF118B527164}"
EndProject
Project("{FAE04EC0-301F-11D3-BF4B-00C04F79EFBC}") = "TagsService", "TagsService\TagsService.csproj", "{C683326C-24F7-4F81-BE3D-543DDEC44623}"
EndProject
Project("{2150E333-8FDC-42A3-9474-1A3956D46DE8}") = "Core", "Core", "{3D016324-24D2-4052-AB27-28064CD12D50}"
EndProject
Project("{FAE04EC0-301F-11D3-BF4B-00C04F79EFBC}") = "MusicCollection.AdminApi", "MusicCollection.AdminApi\MusicCollection.AdminApi.csproj", "{E2BA5EEB-62C4-4992-9A2E-1453E9F1A687}"
EndProject
Project("{FAE04EC0-301F-11D3-BF4B-00C04F79EFBC}") = "ApiUtils", "ApiUtils\ApiUtils.csproj", "{6436DE1D-B9E7-4AB0-A634-7416DA31CFA8}"
EndProject
Project("{FAE04EC0-301F-11D3-BF4B-00C04F79EFBC}") = "BackgroundTasksDaemon", "BackgroundTasksDaemon\BackgroundTasksDaemon.csproj", "{A5EE5861-7E3C-415B-996E-B04359206996}"
EndProject
Global
	GlobalSection(SolutionConfigurationPlatforms) = preSolution
		Debug|Any CPU = Debug|Any CPU
		Release|Any CPU = Release|Any CPU
	EndGlobalSection
	GlobalSection(ProjectConfigurationPlatforms) = postSolution
		{F4E72C46-1201-4CF6-B05B-DF1C9F94F841}.Debug|Any CPU.ActiveCfg = Debug|Any CPU
		{F4E72C46-1201-4CF6-B05B-DF1C9F94F841}.Debug|Any CPU.Build.0 = Debug|Any CPU
		{F4E72C46-1201-4CF6-B05B-DF1C9F94F841}.Release|Any CPU.ActiveCfg = Release|Any CPU
		{F4E72C46-1201-4CF6-B05B-DF1C9F94F841}.Release|Any CPU.Build.0 = Release|Any CPU
		{2FC4E49C-9D10-4EE8-A08D-E5986B5FDE99}.Debug|Any CPU.ActiveCfg = Debug|Any CPU
		{2FC4E49C-9D10-4EE8-A08D-E5986B5FDE99}.Debug|Any CPU.Build.0 = Debug|Any CPU
		{2FC4E49C-9D10-4EE8-A08D-E5986B5FDE99}.Release|Any CPU.ActiveCfg = Release|Any CPU
		{2FC4E49C-9D10-4EE8-A08D-E5986B5FDE99}.Release|Any CPU.Build.0 = Release|Any CPU
		{BF115754-F2AA-4F24-A8E8-CA9C601C5B9B}.Debug|Any CPU.ActiveCfg = Debug|Any CPU
		{BF115754-F2AA-4F24-A8E8-CA9C601C5B9B}.Debug|Any CPU.Build.0 = Debug|Any CPU
		{BF115754-F2AA-4F24-A8E8-CA9C601C5B9B}.Release|Any CPU.ActiveCfg = Release|Any CPU
		{BF115754-F2AA-4F24-A8E8-CA9C601C5B9B}.Release|Any CPU.Build.0 = Release|Any CPU
		{C683326C-24F7-4F81-BE3D-543DDEC44623}.Debug|Any CPU.ActiveCfg = Debug|Any CPU
		{C683326C-24F7-4F81-BE3D-543DDEC44623}.Debug|Any CPU.Build.0 = Debug|Any CPU
		{C683326C-24F7-4F81-BE3D-543DDEC44623}.Release|Any CPU.ActiveCfg = Release|Any CPU
		{C683326C-24F7-4F81-BE3D-543DDEC44623}.Release|Any CPU.Build.0 = Release|Any CPU
		{E2BA5EEB-62C4-4992-9A2E-1453E9F1A687}.Debug|Any CPU.ActiveCfg = Debug|Any CPU
		{E2BA5EEB-62C4-4992-9A2E-1453E9F1A687}.Debug|Any CPU.Build.0 = Debug|Any CPU
		{E2BA5EEB-62C4-4992-9A2E-1453E9F1A687}.Release|Any CPU.ActiveCfg = Release|Any CPU
		{E2BA5EEB-62C4-4992-9A2E-1453E9F1A687}.Release|Any CPU.Build.0 = Release|Any CPU
		{6436DE1D-B9E7-4AB0-A634-7416DA31CFA8}.Debug|Any CPU.ActiveCfg = Debug|Any CPU
		{6436DE1D-B9E7-4AB0-A634-7416DA31CFA8}.Debug|Any CPU.Build.0 = Debug|Any CPU
		{6436DE1D-B9E7-4AB0-A634-7416DA31CFA8}.Release|Any CPU.ActiveCfg = Release|Any CPU
		{6436DE1D-B9E7-4AB0-A634-7416DA31CFA8}.Release|Any CPU.Build.0 = Release|Any CPU
		{A5EE5861-7E3C-415B-996E-B04359206996}.Debug|Any CPU.ActiveCfg = Debug|Any CPU
		{A5EE5861-7E3C-415B-996E-B04359206996}.Debug|Any CPU.Build.0 = Debug|Any CPU
		{A5EE5861-7E3C-415B-996E-B04359206996}.Release|Any CPU.ActiveCfg = Release|Any CPU
		{A5EE5861-7E3C-415B-996E-B04359206996}.Release|Any CPU.Build.0 = Release|Any CPU
	EndGlobalSection
	GlobalSection(NestedProjects) = preSolution
		{F4E72C46-1201-4CF6-B05B-DF1C9F94F841} = {B4A5FE9B-474C-4D08-B395-BD1E966831C7}
		{2FC4E49C-9D10-4EE8-A08D-E5986B5FDE99} = {B4A5FE9B-474C-4D08-B395-BD1E966831C7}
		{BF115754-F2AA-4F24-A8E8-CA9C601C5B9B} = {B4A5FE9B-474C-4D08-B395-BD1E966831C7}
		{C683326C-24F7-4F81-BE3D-543DDEC44623} = {6C2DCC8E-1880-46DC-BD27-CF118B527164}
		{E2BA5EEB-62C4-4992-9A2E-1453E9F1A687} = {B4A5FE9B-474C-4D08-B395-BD1E966831C7}
		{6436DE1D-B9E7-4AB0-A634-7416DA31CFA8} = {3D016324-24D2-4052-AB27-28064CD12D50}
		{A5EE5861-7E3C-415B-996E-B04359206996} = {3D016324-24D2-4052-AB27-28064CD12D50}
	EndGlobalSection
EndGlobal
